{
    "_meta": {
        "hash": {
            "sha256": "07ac1ba0f145b0634d363bd1adabdab63e08b125d035af34616082c2c85dc230"
        },
        "pipfile-spec": 6,
        "requires": {
            "python_version": "3.8"
        },
        "sources": [
            {
                "name": "pypi",
                "url": "https://pypi.org/simple",
                "verify_ssl": true
            }
        ]
    },
    "default": {
        "python-yr": {
            "hashes": [
                "sha256:9816844f3b41fe62c916708410ba9c570852affc508c644f3c7b82df42dca890"
            ],
            "index": "pypi",
            "version": "==1.4.7.post2"
        },
        "xmltodict": {
            "hashes": [
                "sha256:50d8c638ed7ecb88d90561beedbf720c9b4e851a9fa6c47ebd64e99d166d8a21",
                "sha256:8bbcb45cc982f48b2ca8fe7e7827c5d792f217ecf1792626f808bf41c3b86051"
            ],
            "version": "==0.12.0"
        }
    },
    "develop": {}
}
